# @generated - this file is auto-generated by `mise lock` https://mise.en.dev/dev-tools/mise-lock.html

[[tools.aube]]
version = "1.6.2"
backend = "github:endevco/aube"

[tools.aube."platforms.linux-x64"]
checksum = "sha256:16fcc40dfbaac110ce8f4e88728a440f2366094a45fd6c189bcbcc2b3ea31f06"
url = "https://github.com/jdx/aube/releases/download/v1.6.2/aube-v1.6.2-x86_64-unknown-linux-gnu.tar.gz"
url_api = "https://api.github.com/repos/jdx/aube/releases/assets/410164107"

[tools.aube."platforms.macos-arm64"]
checksum = "sha256:4ce92482500f77f0779f288328cb7411f7ae2441b8618eae36a2ab5ea7591a32"
url = "https://github.com/jdx/aube/releases/download/v1.6.2/aube-v1.6.2-aarch64-apple-darwin.tar.gz"
url_api = "https://api.github.com/repos/jdx/aube/releases/assets/410166750"

[[tools.elixir]]
version = "1.19.5-otp-28"
backend = "core:elixir"

[[tools.erlang]]
version = "28.3.1"
backend = "core:erlang"

[[tools.git-cliff]]
version = "2.12.0"
backend = "aqua:orhun/git-cliff"

[tools.git-cliff."platforms.linux-x64"]
checksum = "sha256:c89a7bc55f3c51f391938aa3fa560125109695c1930d927879daea68dd786420"
url = "https://github.com/orhun/git-cliff/releases/download/v2.12.0/git-cliff-2.12.0-x86_64-unknown-linux-musl.tar.gz"

[tools.git-cliff."platforms.macos-arm64"]
checksum = "sha256:2ae72a0061bee98d0e375f2ea8e0f4b23b4915ac2e37fa45a705066de49b43a0"
url = "https://github.com/orhun/git-cliff/releases/download/v2.12.0/git-cliff-2.12.0-aarch64-apple-darwin.tar.gz"

[[tools.helm]]
version = "4.2.4"
backend = "aqua:helm/helm"

[tools.helm."platforms.linux-arm64"]
url = "https://get.helm.sh/helm-4.2.4-linux-arm64.tar.gz"

[tools.helm."platforms.linux-arm64-musl"]
url = "https://get.helm.sh/helm-4.2.4-linux-arm64.tar.gz"

[tools.helm."platforms.linux-x64"]
checksum = "sha256:c306b46f719b0a4da32d0f78ee21bf90ce8d602f15b22ab753f0674d1670a7f3"
url = "https://get.helm.sh/helm-v4.2.4-linux-amd64.tar.gz"

[tools.helm."platforms.linux-x64-musl"]
url = "https://get.helm.sh/helm-4.2.4-linux-amd64.tar.gz"

[tools.helm."platforms.macos-arm64"]
checksum = "sha256:d747eb4e28bd2727173d15b759fa0a17822291ec09db7ced3d55af290a3661a2"
url = "https://get.helm.sh/helm-v4.2.4-darwin-arm64.tar.gz"

[tools.helm."platforms.macos-x64"]
url = "https://get.helm.sh/helm-4.2.4-darwin-amd64.tar.gz"

[tools.helm."platforms.windows-x64"]
url = "https://get.helm.sh/helm-4.2.4-windows-amd64.tar.gz"

[[tools.jq]]
version = "1.8.1"
backend = "aqua:jqlang/jq"

[tools.jq."platforms.linux-x64"]
checksum = "sha256:020468de7539ce70ef1bceaf7cde2e8c4f2ca6c3afb84642aabc5c97d9fc2a0d"
url = "https://github.com/jqlang/jq/releases/download/jq-1.8.1/jq-linux-amd64"
provenance = "github-attestations"

[tools.jq."platforms.macos-arm64"]
checksum = "sha256:a9fe3ea2f86dfc72f6728417521ec9067b343277152b114f4e98d8cb0e263603"
url = "https://github.com/jqlang/jq/releases/download/jq-1.8.1/jq-macos-arm64"
provenance = "github-attestations"

[[tools.kubectl]]
version = "1.34.6"
backend = "aqua:kubernetes/kubernetes/kubectl"

[tools.kubectl."platforms.linux-arm64"]
url = "https://dl.k8s.io/1.34.6/bin/linux/arm64/kubectl"

[tools.kubectl."platforms.linux-arm64-musl"]
url = "https://dl.k8s.io/1.34.6/bin/linux/arm64/kubectl"

[tools.kubectl."platforms.linux-x64"]
checksum = "sha256:3166155b17198c0af34ff5a360bd4d9d58db98bafadc6f3c2a57ae560563cd6b"
url = "https://dl.k8s.io/v1.34.6/bin/linux/amd64/kubectl"

[tools.kubectl."platforms.linux-x64-musl"]
url = "https://dl.k8s.io/1.34.6/bin/linux/amd64/kubectl"

[tools.kubectl."platforms.macos-arm64"]
checksum = "sha256:5629f4f9c82c58092c617d18deca543f7dec388aed28d22aade18e183c794e0f"
url = "https://dl.k8s.io/v1.34.6/bin/darwin/arm64/kubectl"

[tools.kubectl."platforms.macos-x64"]
url = "https://dl.k8s.io/1.34.6/bin/darwin/amd64/kubectl"

[tools.kubectl."platforms.windows-x64"]
url = "https://dl.k8s.io/1.34.6/bin/windows/amd64/kubectl.exe"

[[tools.node]]
version = "22.22.3"
backend = "core:node"

[tools.node."platforms.linux-x64"]
checksum = "sha256:c7a10d6816da8eaaa7534dd73c71c6e2b2c391dbbf845e364902d156615dd1b8"
url = "https://nodejs.org/dist/v22.22.3/node-v22.22.3-linux-x64.tar.gz"

[tools.node."platforms.macos-arm64"]
checksum = "sha256:0da7ff74ef8611328c8212f17943368713a2ad953fb7d89a8c8a0eae87c23207"
url = "https://nodejs.org/dist/v22.22.3/node-v22.22.3-darwin-arm64.tar.gz"

[[tools.rust]]
version = "1.91.1"
backend = "core:rust"
