%{
  "abnf_parsec": {:hex, :abnf_parsec, "2.1.0", "c4e88d5d089f1698297c0daced12be1fb404e6e577ecf261313ebba5477941f9", [:mix], [{:nimble_parsec, "~> 1.4", [hex: :nimble_parsec, repo: "hexpm", optional: false]}], "hexpm", "e0ed6290c7cc7e5020c006d1003520390c9bdd20f7c3f776bd49bfe3c5cd362a"},
  "bunt": {:hex, :bunt, "1.0.0", "081c2c665f086849e6d57900292b3a161727ab40431219529f13c4ddcf3e7a44", [:mix], [], "hexpm", "dc5f86aa08a5f6fa6b8096f0735c4e76d54ae5c9fa2c143e5a1fc7c1cd9bb6b5"},
  "burrito": {:hex, :burrito, "1.6.0", "7af0a75f11680e8a6e9c01370c9af51cb9d0e15b3226eddf4f438dbc68570520", [:mix], [{:jason, "~> 1.4", [hex: :jason, repo: "hexpm", optional: false]}, {:req, ">= 0.5.0", [hex: :req, repo: "hexpm", optional: false]}, {:typed_struct, "~> 0.2.0 or ~> 0.3.0", [hex: :typed_struct, repo: "hexpm", optional: false]}], "hexpm", "e636a00b032c45a69ff755d9fc53fa5fdc9e1d21bdbd229075fe4a15b05355fe"},
  "castore": {:hex, :castore, "1.0.21", "0a0e8330dc267a40a3b7ad86d39302764bb71758172904e6a59d5ad6443ce307", [:mix], [], "hexpm", "e42e22723e25dbd46876d056a03f685513d6e98f6b5e555dc551321decd76c5c"},
  "credo": {:hex, :credo, "1.7.19", "cc52129665fc7c15143d47838fda0f9cd6dac9ceced7bf4da6f85fcbfe64b12a", [:mix], [{:bunt, "~> 0.2.1 or ~> 1.0", [hex: :bunt, repo: "hexpm", optional: false]}, {:file_system, "~> 0.2 or ~> 1.0", [hex: :file_system, repo: "hexpm", optional: false]}, {:jason, "~> 1.0", [hex: :jason, repo: "hexpm", optional: false]}], "hexpm", "2d8bc95d5a7bb99dd2613621d4f08c6a3575c3fd4b62e6a2b48a100352a557b8"},
  "dotenvy": {:hex, :dotenvy, "1.1.1", "00e318f3c51de9fafc4b48598447e386f19204dc18ca69886905bb8f8b08b667", [:mix], [], "hexpm", "c8269471b5701e9e56dc86509c1199ded2b33dce088c3471afcfef7839766d8e"},
  "elixir_make": {:hex, :elixir_make, "0.10.0", "16577e2583a79bb79237bbff349619ef5d80afffc07eac6e4faf0d00e2ddaf7d", [:mix], [], "hexpm", "dc1f09fb7fa68866b886abd5f0f3c83553b1a19a52359a899e92af1bb3b31982"},
  "ex_ratatui": {:hex, :ex_ratatui, "0.13.0", "5b9a488a8b895b06cef782ba47effd3a7e03a675d0f44d70277349ad70326671", [:mix], [{:igniter, "~> 0.8", [hex: :igniter, repo: "hexpm", optional: true]}, {:rustler, ">= 0.0.0", [hex: :rustler, repo: "hexpm", optional: true]}, {:rustler_precompiled, "~> 0.8", [hex: :rustler_precompiled, repo: "hexpm", optional: false]}, {:telemetry, "~> 1.0", [hex: :telemetry, repo: "hexpm", optional: false]}], "hexpm", "0448833a5de5aed13fb480f57278deefe1ca3ff62af0d32e64515f4af674c030"},
  "file_system": {:hex, :file_system, "1.1.1", "31864f4685b0148f25bd3fbef2b1228457c0c89024ad67f7a81a3ffbc0bbad3a", [:mix], [], "hexpm", "7a15ff97dfe526aeefb090a7a9d3d03aa907e100e262a0f8f7746b78f8f87a5d"},
  "finch": {:hex, :finch, "0.23.0", "e3f9287ac25a8832f848b144c2b57346aac65b205e2e0629a52adfe6507fd837", [:mix], [{:mime, "~> 1.0 or ~> 2.0", [hex: :mime, repo: "hexpm", optional: false]}, {:mint, "~> 1.8", [hex: :mint, repo: "hexpm", optional: false]}, {:nimble_options, "~> 0.4 or ~> 1.0", [hex: :nimble_options, repo: "hexpm", optional: false]}, {:nimble_pool, "~> 1.1", [hex: :nimble_pool, repo: "hexpm", optional: false]}, {:telemetry, "~> 0.4 or ~> 1.0", [hex: :telemetry, repo: "hexpm", optional: false]}], "hexpm", "80e58d3f936f57e3fdf404f83a3642897ae6d9fb642934e46da4d8fe761b99d5"},
  "hpax": {:hex, :hpax, "1.0.4", "777de5d433b0fbdc7c418159c8055910faa8047ffdb3d6b31098d2a46cd7685c", [:mix], [], "hexpm", "afc7cb142ebcc2d01ce7816190b98ce5dd49e799111b24249f3443d730f377ca"},
  "idna": {:hex, :idna, "7.1.0", "1067a13043538129602d2f2ce6899d8713125c7d19734aa557ce2e3ea55bd4f1", [:rebar3], [], "hexpm", "6ae959a025bf36df61a8cab8508d9654891b5426a84c44d82deaffd6ddf8c71f"},
  "jason": {:hex, :jason, "1.4.5", "2e3a008590b0b8d7388c20293e9dcc9cf3e5d642fd2a114e4cbbb52e595d940a", [:mix], [{:decimal, "~> 1.0 or ~> 2.0 or ~> 3.0", [hex: :decimal, repo: "hexpm", optional: true]}], "hexpm", "b0c823996102bcd0239b3c2444eb00409b72f6a140c1950bc8b457d836b30684"},
  "jsv": {:hex, :jsv, "0.22.0", "3a2bb35dd7d1ca0034437bee8099214e40d391a5e4f058f5a0800aef91c4dfeb", [:mix], [{:abnf_parsec, "~> 2.0", [hex: :abnf_parsec, repo: "hexpm", optional: false]}, {:decimal, "~> 2.0 or ~> 3.0", [hex: :decimal, repo: "hexpm", optional: true]}, {:idna, "~> 6.0 or ~> 7.0", [hex: :idna, repo: "hexpm", optional: false]}, {:jason, "~> 1.0", [hex: :jason, repo: "hexpm", optional: true]}, {:texture, ">= 1.2.1", [hex: :texture, repo: "hexpm", optional: false]}], "hexpm", "79bae1f970413c86771051a8ea0bd553cc1e866d285270be539f1ef3ca044f3c"},
  "k8s": {:hex, :k8s, "2.8.0", "fe92de96bcb3541c6b2893f251b1fc93e2331b6006cb5897e9a4936fad06298e", [:mix], [{:castore, "~> 1.0", [hex: :castore, repo: "hexpm", optional: false]}, {:jason, "~> 1.0", [hex: :jason, repo: "hexpm", optional: false]}, {:mint, "~> 1.0", [hex: :mint, repo: "hexpm", optional: false]}, {:mint_web_socket, "~> 1.0", [hex: :mint_web_socket, repo: "hexpm", optional: false]}, {:poolboy, "~> 1.5", [hex: :poolboy, repo: "hexpm", optional: false]}, {:telemetry, "~> 1.0", [hex: :telemetry, repo: "hexpm", optional: false]}, {:yaml_elixir, "~> 2.8", [hex: :yaml_elixir, repo: "hexpm", optional: false]}], "hexpm", "90f15a713d2d0f7bf84a35c0d855c0ece62a40b4dbe9d08de3cf88d9d323269e"},
  "llm_db": {:hex, :llm_db, "2026.7.5", "38e345e753b027f095e9eb01157de911c1e75d5ac7d760042f771cbdeabb08c1", [:mix], [{:dotenvy, "~> 1.1", [hex: :dotenvy, repo: "hexpm", optional: false]}, {:igniter, "~> 0.7", [hex: :igniter, repo: "hexpm", optional: true]}, {:jason, "~> 1.4", [hex: :jason, repo: "hexpm", optional: false]}, {:req, "~> 0.5", [hex: :req, repo: "hexpm", optional: false]}, {:toml, "~> 0.7", [hex: :toml, repo: "hexpm", optional: false]}, {:zoi, "~> 0.10", [hex: :zoi, repo: "hexpm", optional: false]}], "hexpm", "93ceaf3448b8cea11358854388e83480ed4e84e39adc0af8a3629935d3d5dd7c"},
  "mime": {:hex, :mime, "2.0.7", "b8d739037be7cd402aee1ba0306edfdef982687ee7e9859bee6198c1e7e2f128", [:mix], [], "hexpm", "6171188e399ee16023ffc5b76ce445eb6d9672e2e241d2df6050f3c771e80ccd"},
  "mint": {:hex, :mint, "1.9.3", "3337184d69179695c7a9f1714d92c11e629d36c8c037a21cf490131d3d150554", [:mix], [{:castore, "~> 0.1.0 or ~> 1.0", [hex: :castore, repo: "hexpm", optional: true]}, {:hpax, "~> 0.1.1 or ~> 0.2.0 or ~> 1.0", [hex: :hpax, repo: "hexpm", optional: false]}], "hexpm", "5f7c9342480c069dbbc4eeac3490303c9e01870ff01a7f1d29b6107054fc1e74"},
  "mint_web_socket": {:hex, :mint_web_socket, "1.0.6", "5ffcf350df5b90f2d7a04adf877165228804993714592512374218d4679e325a", [:mix], [{:mint, ">= 1.4.1 and < 2.0.0-0", [hex: :mint, repo: "hexpm", optional: false]}], "hexpm", "0c360e9012413f1c115a63532601eb5d63731aab7010949178769760686c1698"},
  "muontrap": {:hex, :muontrap, "1.8.0", "3c5dab5bc91d5a16d14cd85b130ae7d35a9c469564a11ba4b2ebbcd7ccf5bc05", [:make, :mix], [{:elixir_make, "~> 0.6", [hex: :elixir_make, repo: "hexpm", optional: false]}], "hexpm", "45ff36451303cbdefe1c66da3681b5aff078ee5737348f554f0017daa66284af"},
  "nimble_options": {:hex, :nimble_options, "1.1.1", "e3a492d54d85fc3fd7c5baf411d9d2852922f66e69476317787a7b2bb000a61b", [:mix], [], "hexpm", "821b2470ca9442c4b6984882fe9bb0389371b8ddec4d45a9504f00a66f650b44"},
  "nimble_parsec": {:hex, :nimble_parsec, "1.4.2", "8efba0122db06df95bfaa78f791344a89352ba04baedd3849593bfce4d0dc1c6", [:mix], [], "hexpm", "4b21398942dda052b403bbe1da991ccd03a053668d147d53fb8c4e0efe09c973"},
  "nimble_pool": {:hex, :nimble_pool, "1.1.0", "bf9c29fbdcba3564a8b800d1eeb5a3c58f36e1e11d7b7fb2e084a643f645f06b", [:mix], [], "hexpm", "af2e4e6b34197db81f7aad230c1118eac993acc0dae6bc83bac0126d4ae0813a"},
  "poolboy": {:hex, :poolboy, "1.5.2", "392b007a1693a64540cead79830443abf5762f5d30cf50bc95cb2c1aaafa006b", [:rebar3], [], "hexpm", "dad79704ce5440f3d5a3681c8590b9dc25d1a561e8f5a9c995281012860901e3"},
  "quokka": {:hex, :quokka, "2.13.1", "10851ba49ce47cb65cb74b252fd7bfb8f9f78d6a0b1908228f1dae4b65c32939", [:mix], [{:credo, "~> 1.7", [hex: :credo, repo: "hexpm", optional: false]}], "hexpm", "f6b3c60d333f76e5e131b9d4b55aed50e989589ee4cb3dc646176ceec26bf0f5"},
  "req": {:hex, :req, "0.7.2", "364eae2e5f5c984f2dac6d71c07f8c8c89ce0bc49c4d746dacb7a306823020de", [:mix], [{:brotli, "~> 0.3.1", [hex: :brotli, repo: "hexpm", optional: true]}, {:finch, "~> 0.21", [hex: :finch, repo: "hexpm", optional: false]}, {:jason, "~> 1.0", [hex: :jason, repo: "hexpm", optional: false]}, {:mime, "~> 2.0.6 or ~> 2.1", [hex: :mime, repo: "hexpm", optional: false]}, {:nimble_csv, "~> 1.0", [hex: :nimble_csv, repo: "hexpm", optional: true]}, {:plug, "~> 1.0", [hex: :plug, repo: "hexpm", optional: true]}], "hexpm", "c9cdfa276b05d8db2a27fda5d233e6858b764d47189d76cbb186e130a871ae0b"},
  "req_llm": {:hex, :req_llm, "1.20.0", "0dbeb6784477d4284201aab6ea3bea03f741752adcb5e280378dcb4ffc2374a4", [:mix], [{:dotenvy, "~> 1.1", [hex: :dotenvy, repo: "hexpm", optional: false]}, {:ex_aws_auth, "~> 1.4", [hex: :ex_aws_auth, repo: "hexpm", optional: true]}, {:goth, "~> 1.4", [hex: :goth, repo: "hexpm", optional: true]}, {:igniter, "~> 0.7", [hex: :igniter, repo: "hexpm", optional: true]}, {:jason, "~> 1.4", [hex: :jason, repo: "hexpm", optional: false]}, {:jsv, "~> 0.11", [hex: :jsv, repo: "hexpm", optional: false]}, {:llm_db, "~> 2026.7.5", [hex: :llm_db, repo: "hexpm", optional: false]}, {:nimble_options, "~> 1.1", [hex: :nimble_options, repo: "hexpm", optional: false]}, {:req, "~> 0.5", [hex: :req, repo: "hexpm", optional: false]}, {:server_sent_events, "~> 1.1.0", [hex: :server_sent_events, repo: "hexpm", optional: false]}, {:splode, "~> 0.3.0", [hex: :splode, repo: "hexpm", optional: false]}, {:websockex, "~> 0.5.1", [hex: :websockex, repo: "hexpm", optional: false]}, {:zoi, "~> 0.14", [hex: :zoi, repo: "hexpm", optional: false]}], "hexpm", "f173ec035d69d9d9804456e118083f9c4aad78b1733d519446e8cf26b5d5f0d2"},
  "rustler_precompiled": {:hex, :rustler_precompiled, "0.9.0", "3a052eda09f3d2436364645cc1f13279cf95db310eb0c17b0d8f25484b233aa0", [:mix], [{:rustler, "~> 0.23", [hex: :rustler, repo: "hexpm", optional: true]}], "hexpm", "471d97315bd3bf7b64623418b3693eedd8e47de3d1cb79a0ac8f9da7d770d94c"},
  "server_sent_events": {:hex, :server_sent_events, "1.1.0", "54606238b9182ba673a10ce90bd95f81a0939c1baa91cdf86b66acc04edd1832", [:mix], [], "hexpm", "8e164db8e295a2d869a8faafbf4a1eeaa749b62fe93f66271adff6394d93ce15"},
  "splode": {:hex, :splode, "0.3.2", "7716b6b2260a98a6f018c65cc0393da2cdf17314202eb351a0956e8762190dff", [:mix], [], "hexpm", "08fd658f80da7f1cd254b149164dcff8acd44b22f032001d5416b97223d32bc9"},
  "telemetry": {:hex, :telemetry, "1.4.2", "a0cb522801dffb1c49fe6e30561badffc7b6d0e180db1300df759faa22062855", [:rebar3], [], "hexpm", "928f6495066506077862c0d1646609eed891a4326bee3126ba54b60af61febb1"},
  "texture": {:hex, :texture, "1.2.1", "ae8d875fb099bcc1ccb0269296bf6c4590116eff9a44895049379359a14d5fca", [:mix], [{:abnf_parsec, "~> 2.0", [hex: :abnf_parsec, repo: "hexpm", optional: false]}], "hexpm", "925b1938891ce5c1d589df408faa7ed57dd872e4aac9521b32495a29b265cb17"},
  "toml": {:hex, :toml, "0.7.0", "fbcd773caa937d0c7a02c301a1feea25612720ac3fa1ccb8bfd9d30d822911de", [:mix], [], "hexpm", "0690246a2478c1defd100b0c9b89b4ea280a22be9a7b313a8a058a2408a2fa70"},
  "typed_struct": {:hex, :typed_struct, "0.3.0", "939789e3c1dca39d7170c87f729127469d1315dcf99fee8e152bb774b17e7ff7", [:mix], [], "hexpm", "c50bd5c3a61fe4e198a8504f939be3d3c85903b382bde4865579bc23111d1b6d"},
  "uniq": {:hex, :uniq, "0.6.3", "68acff834cce1817b52928ef346662735c5413a4fec9c3b0d4a9126de5b2b489", [:mix], [{:ecto, "~> 3.0", [hex: :ecto, repo: "hexpm", optional: true]}], "hexpm", "2b2a900d0a20f3a55d3de0bc8150495e4a71255734dfb23889991bda5aca6c7d"},
  "websockex": {:hex, :websockex, "0.5.1", "9de28d37bbe34f371eb46e29b79c94c94fff79f93c960d842fbf447253558eb4", [:mix], [{:telemetry, "~> 1.0", [hex: :telemetry, repo: "hexpm", optional: false]}], "hexpm", "8ef39576ed56bc3804c9cd8626f8b5d6b5721848d2726c0ccd4f05385a3c9f14"},
  "x509": {:hex, :x509, "0.9.2", "a75aa605348abd905990f3d2dc1b155fcde4e030fa2f90c4a91534405dce0f6e", [:mix], [], "hexpm", "4c5ede75697e565d4b0f5be04c3b71bb1fd3a090ea243af4bd7dae144e48cfc7"},
  "yamerl": {:hex, :yamerl, "0.10.0", "4ff81fee2f1f6a46f1700c0d880b24d193ddb74bd14ef42cb0bcf46e81ef2f8e", [:rebar3], [], "hexpm", "346adb2963f1051dc837a2364e4acf6eb7d80097c0f53cbdc3046ec8ec4b4e6e"},
  "yaml_elixir": {:hex, :yaml_elixir, "2.12.2", "9dd1330fb4cd9a36a7b0f502e5b12486eff632792ee4a5f0eba52a4d4ec32c9c", [:mix], [{:yamerl, "~> 0.10", [hex: :yamerl, repo: "hexpm", optional: false]}], "hexpm", "e7c1b10122f973e6558462d51c39026ba0e14afbc6745318e990ea82cfe9e159"},
  "zoi": {:hex, :zoi, "0.18.7", "0d6b09d19fd1feff4340b7c5660bab04fbc80c1642ee1e5c75f06d527ac326db", [:mix], [{:decimal, "~> 2.0 or ~> 3.0", [hex: :decimal, repo: "hexpm", optional: true]}, {:phoenix_html, "~> 2.14.2 or ~> 3.0 or ~> 4.1", [hex: :phoenix_html, repo: "hexpm", optional: true]}], "hexpm", "5fedddd755dec84a5e78b3671070a5e595026aa3479f7fa566a42b8c4e4e5ff2"},
}
